
Microsoft Visual Studio Solution File, Format Version 12.00
# Visual Studio Version 16
VisualStudioVersion = 16.0.30611.23
MinimumVisualStudioVersion = 10.0.40219.1
Project("{FAE04EC0-301F-11D3-BF4B-00C04F79EFBC}") = "HomeTask2.1", "HomeTask2.1.csproj", "{40BDAC9A-9CB4-44C5-9D1B-94243ADBAF28}"
EndProject
Project("{2150E333-8FDC-42A3-9474-1A3956D46DE8}") = "Solution Items", "Solution Items", "{21FDCBFE-E462-46D4-A91F-1011787CBA16}"
	ProjectSection(SolutionItems) = preProject
		.editorconfig = .editorconfig
	EndProjectSection
EndProject
Global
	GlobalSection(SolutionConfigurationPlatforms) = preSolution
		Debug|Any CPU = Debug|Any CPU
		Release|Any CPU = Release|Any CPU
	EndGlobalSection
	GlobalSection(ProjectConfigurationPlatforms) = postSolution
		{40BDAC9A-9CB4-44C5-9D1B-94243ADBAF28}.Debug|Any CPU.ActiveCfg = Debug|Any CPU
		{40BDAC9A-9CB4-44C5-9D1B-94243ADBAF28}.Debug|Any CPU.Build.0 = Debug|Any CPU
		{40BDAC9A-9CB4-44C5-9D1B-94243ADBAF28}.Release|Any CPU.ActiveCfg = Release|Any CPU
		{40BDAC9A-9CB4-44C5-9D1B-94243ADBAF28}.Release|Any CPU.Build.0 = Release|Any CPU
	EndGlobalSection
	GlobalSection(SolutionProperties) = preSolution
		HideSolutionNode = FALSE
	EndGlobalSection
	GlobalSection(ExtensibilityGlobals) = postSolution
		SolutionGuid = {EA921998-C91C-4F7F-9EE3-7FE21ABC63C5}
	EndGlobalSection
EndGlobal
